// !$*UTF8*$!
{
	archiveVersion = 1;
	classes = {
	};
	objectVersion = 55;
	objects = {

/* Begin PBXBuildFile section */
		147DF5CDF992E2FF95F1442C /* Pods_FinalProjectG2_FinalProjectG2UITests.framework in Frameworks */ = {isa = PBXBuildFile; fileRef = 735E21D3737603B8BCED5E48 /* Pods_FinalProjectG2_FinalProjectG2UITests.framework */; };
		5EE9FA5A286B902700E63DDA /* AppDelegate.swift in Sources */ = {isa = PBXBuildFile; fileRef = 5EE9FA59286B902700E63DDA /* AppDelegate.swift */; };
		5EE9FA5C286B902700E63DDA /* SceneDelegate.swift in Sources */ = {isa = PBXBuildFile; fileRef = 5EE9FA5B286B902700E63DDA /* SceneDelegate.swift */; };
		5EE9FA5E286B902700E63DDA /* ViewController.swift in Sources */ = {isa = PBXBuildFile; fileRef = 5EE9FA5D286B902700E63DDA /* ViewController.swift */; };
		5EE9FA61286B902700E63DDA /* Main.storyboard in Resources */ = {isa = PBXBuildFile; fileRef = 5EE9FA5F286B902700E63DDA /* Main.storyboard */; };
		5EE9FA64286B902700E63DDA /* FinalProjectG2.xcdatamodeld in Sources */ = {isa = PBXBuildFile; fileRef = 5EE9FA62286B902700E63DDA /* FinalProjectG2.xcdatamodeld */; };
		5EE9FA66286B902900E63DDA /* Assets.xcassets in Resources */ = {isa = PBXBuildFile; fileRef = 5EE9FA65286B902900E63DDA /* Assets.xcassets */; };
		5EE9FA69286B902900E63DDA /* LaunchScreen.storyboard in Resources */ = {isa = PBXBuildFile; fileRef = 5EE9FA67286B902900E63DDA /* LaunchScreen.storyboard */; };
		5EE9FA74286B902900E63DDA /* FinalProjectG2Tests.swift in Sources */ = {isa = PBXBuildFile; fileRef = 5EE9FA73286B902900E63DDA /* FinalProjectG2Tests.swift */; };
		5EE9FA7E286B902900E63DDA /* FinalProjectG2UITests.swift in Sources */ = {isa = PBXBuildFile; fileRef = 5EE9FA7D286B902900E63DDA /* FinalProjectG2UITests.swift */; };
		5EE9FA80286B902900E63DDA /* FinalProjectG2UITestsLaunchTests.swift in Sources */ = {isa = PBXBuildFile; fileRef = 5EE9FA7F286B902900E63DDA /* FinalProjectG2UITestsLaunchTests.swift */; };
		619E060C282D3B22362343CE /* Pods_FinalProjectG2.framework in Frameworks */ = {isa = PBXBuildFile; fileRef = 8E7D87798DE40CC8983B580C /* Pods_FinalProjectG2.framework */; };
		791A7C9873CB9061A16D4137 /* Pods_FinalProjectG2Tests.framework in Frameworks */ = {isa = PBXBuildFile; fileRef = 0A6120DC92526E3955D558F6 /* Pods_FinalProjectG2Tests.framework */; };
		A1096BC7286CD01500FAC26B /* louis_george_caf in Resources */ = {isa = PBXBuildFile; fileRef = A1096BC6286CD01500FAC26B /* louis_george_caf */; };
		A1096BCA286CD9D100FAC26B /* Algorithms in Frameworks */ = {isa = PBXBuildFile; productRef = A1096BC9286CD9D100FAC26B /* Algorithms */; };
		E86026C3286DFFD300C0C951 /* DropDownMenu.swift in Sources */ = {isa = PBXBuildFile; fileRef = E86026C2286DFFD300C0C951 /* DropDownMenu.swift */; };
/* End PBXBuildFile section */

/* Begin PBXContainerItemProxy section */
		5EE9FA70286B902900E63DDA /* PBXContainerItemProxy */ = {
			isa = PBXContainerItemProxy;
			containerPortal = 5EE9FA4E286B902700E63DDA /* Project object */;
			proxyType = 1;
			remoteGlobalIDString = 5EE9FA55286B902700E63DDA;
			remoteInfo = FinalProjectG2;
		};
		5EE9FA7A286B902900E63DDA /* PBXContainerItemProxy */ = {
			isa = PBXContainerItemProxy;
			containerPortal = 5EE9FA4E286B902700E63DDA /* Project object */;
			proxyType = 1;
			remoteGlobalIDString = 5EE9FA55286B902700E63DDA;
			remoteInfo = FinalProjectG2;
		};
/* End PBXContainerItemProxy section */

/* Begin PBXFileReference section */
		0A6120DC92526E3955D558F6 /* Pods_FinalProjectG2Tests.framework */ = {isa = PBXFileReference; explicitFileType = wrapper.framework; includeInIndex = 0; path = Pods_FinalProjectG2Tests.framework; sourceTree = BUILT_PRODUCTS_DIR; };
		22834CA23446BCA75EBF18E9 /* Pods-FinalProjectG2.debug.xcconfig */ = {isa = PBXFileReference; includeInIndex = 1; lastKnownFileType = text.xcconfig; name = "Pods-FinalProjectG2.debug.xcconfig"; path = "Target Support Files/Pods-FinalProjectG2/Pods-FinalProjectG2.debug.xcconfig"; sourceTree = "<group>"; };
		2AFFB9407CA1989DCECA7279 /* Pods-FinalProjectG2.release.xcconfig */ = {isa = PBXFileReference; includeInIndex = 1; lastKnownFileType = text.xcconfig; name = "Pods-FinalProjectG2.release.xcconfig"; path = "Target Support Files/Pods-FinalProjectG2/Pods-FinalProjectG2.release.xcconfig"; sourceTree = "<group>"; };
		5EE9FA56286B902700E63DDA /* FinalProjectG2.app */ = {isa = PBXFileReference; explicitFileType = wrapper.application; includeInIndex = 0; path = FinalProjectG2.app; sourceTree = BUILT_PRODUCTS_DIR; };
		5EE9FA59286B902700E63DDA /* AppDelegate.swift */ = {isa = PBXFileReference; lastKnownFileType = sourcecode.swift; path = AppDelegate.swift; sourceTree = "<group>"; };
		5EE9FA5B286B902700E63DDA /* SceneDelegate.swift */ = {isa = PBXFileReference; lastKnownFileType = sourcecode.swift; path = SceneDelegate.swift; sourceTree = "<group>"; };
		5EE9FA5D286B902700E63DDA /* ViewController.swift */ = {isa = PBXFileReference; lastKnownFileType = sourcecode.swift; path = ViewController.swift; sourceTree = "<group>"; };
		5EE9FA60286B902700E63DDA /* Base */ = {isa = PBXFileReference; lastKnownFileType = file.storyboard; name = Base; path = Base.lproj/Main.storyboard; sourceTree = "<group>"; };
		5EE9FA63286B902700E63DDA /* FinalProjectG2.xcdatamodel */ = {isa = PBXFileReference; lastKnownFileType = wrapper.xcdatamodel; path = FinalProjectG2.xcdatamodel; sourceTree = "<group>"; };
		5EE9FA65286B902900E63DDA /* Assets.xcassets */ = {isa = PBXFileReference; lastKnownFileType = folder.assetcatalog; path = Assets.xcassets; sourceTree = "<group>"; };
		5EE9FA68286B902900E63DDA /* Base */ = {isa = PBXFileReference; lastKnownFileType = file.storyboard; name = Base; path = Base.lproj/LaunchScreen.storyboard; sourceTree = "<group>"; };
		5EE9FA6A286B902900E63DDA /* Info.plist */ = {isa = PBXFileReference; lastKnownFileType = text.plist.xml; path = Info.plist; sourceTree = "<group>"; };
		5EE9FA6F286B902900E63DDA /* FinalProjectG2Tests.xctest */ = {isa = PBXFileReference; explicitFileType = wrapper.cfbundle; includeInIndex = 0; path = FinalProjectG2Tests.xctest; sourceTree = BUILT_PRODUCTS_DIR; };
		5EE9FA73286B902900E63DDA /* FinalProjectG2Tests.swift */ = {isa = PBXFileReference; lastKnownFileType = sourcecode.swift; path = FinalProjectG2Tests.swift; sourceTree = "<group>"; };
		5EE9FA79286B902900E63DDA /* FinalProjectG2UITests.xctest */ = {isa = PBXFileReference; explicitFileType = wrapper.cfbundle; includeInIndex = 0; path = FinalProjectG2UITests.xctest; sourceTree = BUILT_PRODUCTS_DIR; };
		5EE9FA7D286B902900E63DDA /* FinalProjectG2UITests.swift */ = {isa = PBXFileReference; lastKnownFileType = sourcecode.swift; path = FinalProjectG2UITests.swift; sourceTree = "<group>"; };
		5EE9FA7F286B902900E63DDA /* FinalProjectG2UITestsLaunchTests.swift */ = {isa = PBXFileReference; lastKnownFileType = sourcecode.swift; path = FinalProjectG2UITestsLaunchTests.swift; sourceTree = "<group>"; };
		735E21D3737603B8BCED5E48 /* Pods_FinalProjectG2_FinalProjectG2UITests.framework */ = {isa = PBXFileReference; explicitFileType = wrapper.framework; includeInIndex = 0; path = Pods_FinalProjectG2_FinalProjectG2UITests.framework; sourceTree = BUILT_PRODUCTS_DIR; };
		8E7D87798DE40CC8983B580C /* Pods_FinalProjectG2.framework */ = {isa = PBXFileReference; explicitFileType = wrapper.framework; includeInIndex = 0; path = Pods_FinalProjectG2.framework; sourceTree = BUILT_PRODUCTS_DIR; };
		9E605A9D85A0EED56460CB6E /* Pods-FinalProjectG2-FinalProjectG2UITests.release.xcconfig */ = {isa = PBXFileReference; includeInIndex = 1; lastKnownFileType = text.xcconfig; name = "Pods-FinalProjectG2-FinalProjectG2UITests.release.xcconfig"; path = "Target Support Files/Pods-FinalProjectG2-FinalProjectG2UITests/Pods-FinalProjectG2-FinalProjectG2UITests.release.xcconfig"; sourceTree = "<group>"; };
		A1096BC6286CD01500FAC26B /* louis_george_caf */ = {isa = PBXFileReference; lastKnownFileType = folder; path = louis_george_caf; sourceTree = "<group>"; };
		CF0712E4913A68A11EA4F80A /* Pods-FinalProjectG2Tests.release.xcconfig */ = {isa = PBXFileReference; includeInIndex = 1; lastKnownFileType = text.xcconfig; name = "Pods-FinalProjectG2Tests.release.xcconfig"; path = "Target Support Files/Pods-FinalProjectG2Tests/Pods-FinalProjectG2Tests.release.xcconfig"; sourceTree = "<group>"; };
		CFBE17571604776809FDD86F /* Pods-FinalProjectG2-FinalProjectG2UITests.debug.xcconfig */ = {isa = PBXFileReference; includeInIndex = 1; lastKnownFileType = text.xcconfig; name = "Pods-FinalProjectG2-FinalProjectG2UITests.debug.xcconfig"; path = "Target Support Files/Pods-FinalProjectG2-FinalProjectG2UITests/Pods-FinalProjectG2-FinalProjectG2UITests.debug.xcconfig"; sourceTree = "<group>"; };
		D29786D00CD1FF6DE5E07C88 /* Pods-FinalProjectG2Tests.debug.xcconfig */ = {isa = PBXFileReference; includeInIndex = 1; lastKnownFileType = text.xcconfig; name = "Pods-FinalProjectG2Tests.debug.xcconfig"; path = "Target Support Files/Pods-FinalProjectG2Tests/Pods-FinalProjectG2Tests.debug.xcconfig"; sourceTree = "<group>"; };
		E86026C2286DFFD300C0C951 /* DropDownMenu.swift */ = {isa = PBXFileReference; lastKnownFileType = sourcecode.swift; path = DropDownMenu.swift; sourceTree = "<group>"; };
/* End PBXFileReference section */

/* Begin PBXFrameworksBuildPhase section */
		5EE9FA53286B902700E63DDA /* Frameworks */ = {
			isa = PBXFrameworksBuildPhase;
			buildActionMask = 2147483647;
			files = (
				A1096BCA286CD9D100FAC26B /* Algorithms in Frameworks */,
				619E060C282D3B22362343CE /* Pods_FinalProjectG2.framework in Frameworks */,
			);
			runOnlyForDeploymentPostprocessing = 0;
		};
		5EE9FA6C286B902900E63DDA /* Frameworks */ = {
			isa = PBXFrameworksBuildPhase;
			buildActionMask = 2147483647;
			files = (
				791A7C9873CB9061A16D4137 /* Pods_FinalProjectG2Tests.framework in Frameworks */,
			);
			runOnlyForDeploymentPostprocessing = 0;
		};
		5EE9FA76286B902900E63DDA /* Frameworks */ = {
			isa = PBXFrameworksBuildPhase;
			buildActionMask = 2147483647;
			files = (
				147DF5CDF992E2FF95F1442C /* Pods_FinalProjectG2_FinalProjectG2UITests.framework in Frameworks */,
			);
			runOnlyForDeploymentPostprocessing = 0;
		};
/* End PBXFrameworksBuildPhase section */

/* Begin PBXGroup section */
		5EE9FA4D286B902700E63DDA = {
			isa = PBXGroup;
			children = (
				5EE9FA58286B902700E63DDA /* FinalProjectG2 */,
				5EE9FA72286B902900E63DDA /* FinalProjectG2Tests */,
				5EE9FA7C286B902900E63DDA /* FinalProjectG2UITests */,
				5EE9FA57286B902700E63DDA /* Products */,
				F13C531075764594203FD109 /* Pods */,
				D49FBF888521946F3C5BB4A7 /* Frameworks */,
			);
			sourceTree = "<group>";
		};
		5EE9FA57286B902700E63DDA /* Products */ = {
			isa = PBXGroup;
			children = (
				5EE9FA56286B902700E63DDA /* FinalProjectG2.app */,
				5EE9FA6F286B902900E63DDA /* FinalProjectG2Tests.xctest */,
				5EE9FA79286B902900E63DDA /* FinalProjectG2UITests.xctest */,
			);
			name = Products;
			sourceTree = "<group>";
		};
		5EE9FA58286B902700E63DDA /* FinalProjectG2 */ = {
			isa = PBXGroup;
			children = (
				A1096BC6286CD01500FAC26B /* louis_george_caf */,
				5EE9FA59286B902700E63DDA /* AppDelegate.swift */,
				5EE9FA5B286B902700E63DDA /* SceneDelegate.swift */,
				5EE9FA5D286B902700E63DDA /* ViewController.swift */,
				5EE9FA5F286B902700E63DDA /* Main.storyboard */,
				E86026C2286DFFD300C0C951 /* DropDownMenu.swift */,
				5EE9FA65286B902900E63DDA /* Assets.xcassets */,
				5EE9FA67286B902900E63DDA /* LaunchScreen.storyboard */,
				5EE9FA6A286B902900E63DDA /* Info.plist */,
				5EE9FA62286B902700E63DDA /* FinalProjectG2.xcdatamodeld */,
			);
			path = FinalProjectG2;
			sourceTree = "<group>";
		};
		5EE9FA72286B902900E63DDA /* FinalProjectG2Tests */ = {
			isa = PBXGroup;
			children = (
				5EE9FA73286B902900E63DDA /* FinalProjectG2Tests.swift */,
			);
			path = FinalProjectG2Tests;
			sourceTree = "<group>";
		};
		5EE9FA7C286B902900E63DDA /* FinalProjectG2UITests */ = {
			isa = PBXGroup;
			children = (
				5EE9FA7D286B902900E63DDA /* FinalProjectG2UITests.swift */,
				5EE9FA7F286B902900E63DDA /* FinalProjectG2UITestsLaunchTests.swift */,
			);
			path = FinalProjectG2UITests;
			sourceTree = "<group>";
		};
		D49FBF888521946F3C5BB4A7 /* Frameworks */ = {
			isa = PBXGroup;
			children = (
				8E7D87798DE40CC8983B580C /* Pods_FinalProjectG2.framework */,
				735E21D3737603B8BCED5E48 /* Pods_FinalProjectG2_FinalProjectG2UITests.framework */,
				0A6120DC92526E3955D558F6 /* Pods_FinalProjectG2Tests.framework */,
			);
			name = Frameworks;
			sourceTree = "<group>";
		};
		F13C531075764594203FD109 /* Pods */ = {
			isa = PBXGroup;
			children = (
				22834CA23446BCA75EBF18E9 /* Pods-FinalProjectG2.debug.xcconfig */,
				2AFFB9407CA1989DCECA7279 /* Pods-FinalProjectG2.release.xcconfig */,
				CFBE17571604776809FDD86F /* Pods-FinalProjectG2-FinalProjectG2UITests.debug.xcconfig */,
				9E605A9D85A0EED56460CB6E /* Pods-FinalProjectG2-FinalProjectG2UITests.release.xcconfig */,
				D29786D00CD1FF6DE5E07C88 /* Pods-FinalProjectG2Tests.debug.xcconfig */,
				CF0712E4913A68A11EA4F80A /* Pods-FinalProjectG2Tests.release.xcconfig */,
			);
			path = Pods;
			sourceTree = "<group>";
		};
/* End PBXGroup section */

/* Begin PBXNativeTarget section */
		5EE9FA55286B902700E63DDA /* FinalProjectG2 */ = {
			isa = PBXNativeTarget;
			buildConfigurationList = 5EE9FA83286B902900E63DDA /* Build configuration list for PBXNativeTarget "FinalProjectG2" */;
			buildPhases = (
				15D0C6F33F14C4AED15F059E /* [CP] Check Pods Manifest.lock */,
				5EE9FA52286B902700E63DDA /* Sources */,
				5EE9FA53286B902700E63DDA /* Frameworks */,
				5EE9FA54286B902700E63DDA /* Resources */,
			);
			buildRules = (
			);
			dependencies = (
			);
			name = FinalProjectG2;
			packageProductDependencies = (
				A1096BC9286CD9D100FAC26B /* Algorithms */,
			);
			productName = FinalProjectG2;
			productReference = 5EE9FA56286B902700E63DDA /* FinalProjectG2.app */;
			productType = "com.apple.product-type.application";
		};
		5EE9FA6E286B902900E63DDA /* FinalProjectG2Tests */ = {
			isa = PBXNativeTarget;
			buildConfigurationList = 5EE9FA86286B902900E63DDA /* Build configuration list for PBXNativeTarget "FinalProjectG2Tests" */;
			buildPhases = (
				44947042D2433584354C423B /* [CP] Check Pods Manifest.lock */,
				5EE9FA6B286B902900E63DDA /* Sources */,
				5EE9FA6C286B902900E63DDA /* Frameworks */,
				5EE9FA6D286B902900E63DDA /* Resources */,
			);
			buildRules = (
			);
			dependencies = (
				5EE9FA71286B902900E63DDA /* PBXTargetDependency */,
			);
			name = FinalProjectG2Tests;
			productName = FinalProjectG2Tests;
			productReference = 5EE9FA6F286B902900E63DDA /* FinalProjectG2Tests.xctest */;
			productType = "com.apple.product-type.bundle.unit-test";
		};
		5EE9FA78286B902900E63DDA /* FinalProjectG2UITests */ = {
			isa = PBXNativeTarget;
			buildConfigurationList = 5EE9FA89286B902900E63DDA /* Build configuration list for PBXNativeTarget "FinalProjectG2UITests" */;
			buildPhases = (
				B366AFF1D893DE81AD90B676 /* [CP] Check Pods Manifest.lock */,
				5EE9FA75286B902900E63DDA /* Sources */,
				5EE9FA76286B902900E63DDA /* Frameworks */,
				5EE9FA77286B902900E63DDA /* Resources */,
			);
			buildRules = (
			);
			dependencies = (
				5EE9FA7B286B902900E63DDA /* PBXTargetDependency */,
			);
			name = FinalProjectG2UITests;
			productName = FinalProjectG2UITests;
			productReference = 5EE9FA79286B902900E63DDA /* FinalProjectG2UITests.xctest */;
			productType = "com.apple.product-type.bundle.ui-testing";
		};
/* End PBXNativeTarget section */

/* Begin PBXProject section */
		5EE9FA4E286B902700E63DDA /* Project object */ = {
			isa = PBXProject;
			attributes = {
				BuildIndependentTargetsInParallel = 1;
				LastSwiftUpdateCheck = 1340;
				LastUpgradeCheck = 1340;
				TargetAttributes = {
					5EE9FA55286B902700E63DDA = {
						CreatedOnToolsVersion = 13.4.1;
					};
					5EE9FA6E286B902900E63DDA = {
						CreatedOnToolsVersion = 13.4.1;
						TestTargetID = 5EE9FA55286B902700E63DDA;
					};
					5EE9FA78286B902900E63DDA = {
						CreatedOnToolsVersion = 13.4.1;
						TestTargetID = 5EE9FA55286B902700E63DDA;
					};
				};
			};
			buildConfigurationList = 5EE9FA51286B902700E63DDA /* Build configuration list for PBXProject "FinalProjectG2" */;
			compatibilityVersion = "Xcode 13.0";
			developmentRegion = en;
			hasScannedForEncodings = 0;
			knownRegions = (
				en,
				Base,
			);
			mainGroup = 5EE9FA4D286B902700E63DDA;
			packageReferences = (
				A1096BC8286CD9D100FAC26B /* XCRemoteSwiftPackageReference "swift-algorithms" */,
			);
			productRefGroup = 5EE9FA57286B902700E63DDA /* Products */;
			projectDirPath = "";
			projectRoot = "";
			targets = (
				5EE9FA55286B902700E63DDA /* FinalProjectG2 */,
				5EE9FA6E286B902900E63DDA /* FinalProjectG2Tests */,
				5EE9FA78286B902900E63DDA /* FinalProjectG2UITests */,
			);
		};
/* End PBXProject section */

/* Begin PBXResourcesBuildPhase section */
		5EE9FA54286B902700E63DDA /* Resources */ = {
			isa = PBXResourcesBuildPhase;
			buildActionMask = 2147483647;
			files = (
				5EE9FA69286B902900E63DDA /* LaunchScreen.storyboard in Resources */,
				A1096BC7286CD01500FAC26B /* louis_george_caf in Resources */,
				5EE9FA66286B902900E63DDA /* Assets.xcassets in Resources */,
				5EE9FA61286B902700E63DDA /* Main.storyboard in Resources */,
			);
			runOnlyForDeploymentPostprocessing = 0;
		};
		5EE9FA6D286B902900E63DDA /* Resources */ = {
			isa = PBXResourcesBuildPhase;
			buildActionMask = 2147483647;
			files = (
			);
			runOnlyForDeploymentPostprocessing = 0;
		};
		5EE9FA77286B902900E63DDA /* Resources */ = {
			isa = PBXResourcesBuildPhase;
			buildActionMask = 2147483647;
			files = (
			);
			runOnlyForDeploymentPostprocessing = 0;
		};
/* End PBXResourcesBuildPhase section */

/* Begin PBXShellScriptBuildPhase section */
		15D0C6F33F14C4AED15F059E /* [CP] Check Pods Manifest.lock */ = {
			isa = PBXShellScriptBuildPhase;
			buildActionMask = 2147483647;
			files = (
			);
			inputFileListPaths = (
			);
			inputPaths = (
				"${PODS_PODFILE_DIR_PATH}/Podfile.lock",
				"${PODS_ROOT}/Manifest.lock",
			);
			name = "[CP] Check Pods Manifest.lock";
			outputFileListPaths = (
			);
			outputPaths = (
				"$(DERIVED_FILE_DIR)/Pods-FinalProjectG2-checkManifestLockResult.txt",
			);
			runOnlyForDeploymentPostprocessing = 0;
			shellPath = /bin/sh;
			shellScript = "diff \"${PODS_PODFILE_DIR_PATH}/Podfile.lock\" \"${PODS_ROOT}/Manifest.lock\" > /dev/null\nif [ $? != 0 ] ; then\n    # print error to STDERR\n    echo \"error: The sandbox is not in sync with the Podfile.lock. Run 'pod install' or update your CocoaPods installation.\" >&2\n    exit 1\nfi\n# This output is used by Xcode 'outputs' to avoid re-running this script phase.\necho \"SUCCESS\" > \"${SCRIPT_OUTPUT_FILE_0}\"\n";
			showEnvVarsInLog = 0;
		};
		44947042D2433584354C423B /* [CP] Check Pods Manifest.lock */ = {
			isa = PBXShellScriptBuildPhase;
			buildActionMask = 2147483647;
			files = (
			);
			inputFileListPaths = (
			);
			inputPaths = (
				"${PODS_PODFILE_DIR_PATH}/Podfile.lock",
				"${PODS_ROOT}/Manifest.lock",
			);
			name = "[CP] Check Pods Manifest.lock";
			outputFileListPaths = (
			);
			outputPaths = (
				"$(DERIVED_FILE_DIR)/Pods-FinalProjectG2Tests-checkManifestLockResult.txt",
			);
			runOnlyForDeploymentPostprocessing = 0;
			shellPath = /bin/sh;
			shellScript = "diff \"${PODS_PODFILE_DIR_PATH}/Podfile.lock\" \"${PODS_ROOT}/Manifest.lock\" > /dev/null\nif [ $? != 0 ] ; then\n    # print error to STDERR\n    echo \"error: The sandbox is not in sync with the Podfile.lock. Run 'pod install' or update your CocoaPods installation.\" >&2\n    exit 1\nfi\n# This output is used by Xcode 'outputs' to avoid re-running this script phase.\necho \"SUCCESS\" > \"${SCRIPT_OUTPUT_FILE_0}\"\n";
			showEnvVarsInLog = 0;
		};
		B366AFF1D893DE81AD90B676 /* [CP] Check Pods Manifest.lock */ = {
			isa = PBXShellScriptBuildPhase;
			buildActionMask = 2147483647;
			files = (
			);
			inputFileListPaths = (
			);
			inputPaths = (
				"${PODS_PODFILE_DIR_PATH}/Podfile.lock",
				"${PODS_ROOT}/Manifest.lock",
			);
			name = "[CP] Check Pods Manifest.lock";
			outputFileListPaths = (
			);
			outputPaths = (
				"$(DERIVED_FILE_DIR)/Pods-FinalProjectG2-FinalProjectG2UITests-checkManifestLockResult.txt",
			);
			runOnlyForDeploymentPostprocessing = 0;
			shellPath = /bin/sh;
			shellScript = "diff \"${PODS_PODFILE_DIR_PATH}/Podfile.lock\" \"${PODS_ROOT}/Manifest.lock\" > /dev/null\nif [ $? != 0 ] ; then\n    # print error to STDERR\n    echo \"error: The sandbox is not in sync with the Podfile.lock. Run 'pod install' or update your CocoaPods installation.\" >&2\n    exit 1\nfi\n# This output is used by Xcode 'outputs' to avoid re-running this script phase.\necho \"SUCCESS\" > \"${SCRIPT_OUTPUT_FILE_0}\"\n";
			showEnvVarsInLog = 0;
		};
/* End PBXShellScriptBuildPhase section */

/* Begin PBXSourcesBuildPhase section */
		5EE9FA52286B902700E63DDA /* Sources */ = {
			isa = PBXSourcesBuildPhase;
			buildActionMask = 2147483647;
			files = (
				5EE9FA5E286B902700E63DDA /* ViewController.swift in Sources */,
				5EE9FA64286B902700E63DDA /* FinalProjectG2.xcdatamodeld in Sources */,
				E86026C3286DFFD300C0C951 /* DropDownMenu.swift in Sources */,
				5EE9FA5A286B902700E63DDA /* AppDelegate.swift in Sources */,
				5EE9FA5C286B902700E63DDA /* SceneDelegate.swift in Sources */,
			);
			runOnlyForDeploymentPostprocessing = 0;
		};
		5EE9FA6B286B902900E63DDA /* Sources */ = {
			isa = PBXSourcesBuildPhase;
			buildActionMask = 2147483647;
			files = (
				5EE9FA74286B902900E63DDA /* FinalProjectG2Tests.swift in Sources */,
			);
			runOnlyForDeploymentPostprocessing = 0;
		};
		5EE9FA75286B902900E63DDA /* Sources */ = {
			isa = PBXSourcesBuildPhase;
			buildActionMask = 2147483647;
			files = (
				5EE9FA80286B902900E63DDA /* FinalProjectG2UITestsLaunchTests.swift in Sources */,
				5EE9FA7E286B902900E63DDA /* FinalProjectG2UITests.swift in Sources */,
			);
			runOnlyForDeploymentPostprocessing = 0;
		};
/* End PBXSourcesBuildPhase section */

/* Begin PBXTargetDependency section */
		5EE9FA71286B902900E63DDA /* PBXTargetDependency */ = {
			isa = PBXTargetDependency;
			target = 5EE9FA55286B902700E63DDA /* FinalProjectG2 */;
			targetProxy = 5EE9FA70286B902900E63DDA /* PBXContainerItemProxy */;
		};
		5EE9FA7B286B902900E63DDA /* PBXTargetDependency */ = {
			isa = PBXTargetDependency;
			target = 5EE9FA55286B902700E63DDA /* FinalProjectG2 */;
			targetProxy = 5EE9FA7A286B902900E63DDA /* PBXContainerItemProxy */;
		};
/* End PBXTargetDependency section */

/* Begin PBXVariantGroup section */
		5EE9FA5F286B902700E63DDA /* Main.storyboard */ = {
			isa = PBXVariantGroup;
			children = (
				5EE9FA60286B902700E63DDA /* Base */,
			);
			name = Main.storyboard;
			sourceTree = "<group>";
		};
		5EE9FA67286B902900E63DDA /* LaunchScreen.storyboard */ = {
			isa = PBXVariantGroup;
			children = (
				5EE9FA68286B902900E63DDA /* Base */,
			);
			name = LaunchScreen.storyboard;
			sourceTree = "<group>";
		};
/* End PBXVariantGroup section */

/* Begin XCBuildConfiguration section */
		5EE9FA81286B902900E63DDA /* Debug */ = {
			isa = XCBuildConfiguration;
			buildSettings = {
				ALWAYS_SEARCH_USER_PATHS = NO;
				CLANG_ANALYZER_NONNULL = YES;
				CLANG_ANALYZER_NUMBER_OBJECT_CONVERSION = YES_AGGRESSIVE;
				CLANG_CXX_LANGUAGE_STANDARD = "gnu++17";
				CLANG_ENABLE_MODULES = YES;
				CLANG_ENABLE_OBJC_ARC = YES;
				CLANG_ENABLE_OBJC_WEAK = YES;
				CLANG_WARN_BLOCK_CAPTURE_AUTORELEASING = YES;
				CLANG_WARN_BOOL_CONVERSION = YES;
				CLANG_WARN_COMMA = YES;
				CLANG_WARN_CONSTANT_CONVERSION = YES;
				CLANG_WARN_DEPRECATED_OBJC_IMPLEMENTATIONS = YES;
				CLANG_WARN_DIRECT_OBJC_ISA_USAGE = YES_ERROR;
				CLANG_WARN_DOCUMENTATION_COMMENTS = YES;
				CLANG_WARN_EMPTY_BODY = YES;
				CLANG_WARN_ENUM_CONVERSION = YES;
				CLANG_WARN_INFINITE_RECURSION = YES;
				CLANG_WARN_INT_CONVERSION = YES;
				CLANG_WARN_NON_LITERAL_NULL_CONVERSION = YES;
				CLANG_WARN_OBJC_IMPLICIT_RETAIN_SELF = YES;
				CLANG_WARN_OBJC_LITERAL_CONVERSION = YES;
				CLANG_WARN_OBJC_ROOT_CLASS = YES_ERROR;
				CLANG_WARN_QUOTED_INCLUDE_IN_FRAMEWORK_HEADER = YES;
				CLANG_WARN_RANGE_LOOP_ANALYSIS = YES;
				CLANG_WARN_STRICT_PROTOTYPES = YES;
				CLANG_WARN_SUSPICIOUS_MOVE = YES;
				CLANG_WARN_UNGUARDED_AVAILABILITY = YES_AGGRESSIVE;
				CLANG_WARN_UNREACHABLE_CODE = YES;
				CLANG_WARN__DUPLICATE_METHOD_MATCH = YES;
				COPY_PHASE_STRIP = NO;
				DEBUG_INFORMATION_FORMAT = dwarf;
				ENABLE_STRICT_OBJC_MSGSEND = YES;
				ENABLE_TESTABILITY = YES;
				GCC_C_LANGUAGE_STANDARD = gnu11;
				GCC_DYNAMIC_NO_PIC = NO;
				GCC_NO_COMMON_BLOCKS = YES;
				GCC_OPTIMIZATION_LEVEL = 0;
				GCC_PREPROCESSOR_DEFINITIONS = (
					"DEBUG=1",
					"$(inherited)",
				);
				GCC_WARN_64_TO_32_BIT_CONVERSION = YES;
				GCC_WARN_ABOUT_RETURN_TYPE = YES_ERROR;
				GCC_WARN_UNDECLARED_SELECTOR = YES;
				GCC_WARN_UNINITIALIZED_AUTOS = YES_AGGRESSIVE;
				GCC_WARN_UNUSED_FUNCTION = YES;
				GCC_WARN_UNUSED_VARIABLE = YES;
				IPHONEOS_DEPLOYMENT_TARGET = 15.5;
				MTL_ENABLE_DEBUG_INFO = INCLUDE_SOURCE;
				MTL_FAST_MATH = YES;
				ONLY_ACTIVE_ARCH = YES;
				SDKROOT = iphoneos;
				SWIFT_ACTIVE_COMPILATION_CONDITIONS = DEBUG;
				SWIFT_OPTIMIZATION_LEVEL = "-Onone";
			};
			name = Debug;
		};
		5EE9FA82286B902900E63DDA /* Release */ = {
			isa = XCBuildConfiguration;
			buildSettings = {
				ALWAYS_SEARCH_USER_PATHS = NO;
				CLANG_ANALYZER_NONNULL = YES;
				CLANG_ANALYZER_NUMBER_OBJECT_CONVERSION = YES_AGGRESSIVE;
				CLANG_CXX_LANGUAGE_STANDARD = "gnu++17";
				CLANG_ENABLE_MODULES = YES;
				CLANG_ENABLE_OBJC_ARC = YES;
				CLANG_ENABLE_OBJC_WEAK = YES;
				CLANG_WARN_BLOCK_CAPTURE_AUTORELEASING = YES;
				CLANG_WARN_BOOL_CONVERSION = YES;
				CLANG_WARN_COMMA = YES;
				CLANG_WARN_CONSTANT_CONVERSION = YES;
				CLANG_WARN_DEPRECATED_OBJC_IMPLEMENTATIONS = YES;
				CLANG_WARN_DIRECT_OBJC_ISA_USAGE = YES_ERROR;
				CLANG_WARN_DOCUMENTATION_COMMENTS = YES;
				CLANG_WARN_EMPTY_BODY = YES;
				CLANG_WARN_ENUM_CONVERSION = YES;
				CLANG_WARN_INFINITE_RECURSION = YES;
				CLANG_WARN_INT_CONVERSION = YES;
				CLANG_WARN_NON_LITERAL_NULL_CONVERSION = YES;
				CLANG_WARN_OBJC_IMPLICIT_RETAIN_SELF = YES;
				CLANG_WARN_OBJC_LITERAL_CONVERSION = YES;
				CLANG_WARN_OBJC_ROOT_CLASS = YES_ERROR;
				CLANG_WARN_QUOTED_INCLUDE_IN_FRAMEWORK_HEADER = YES;
				CLANG_WARN_RANGE_LOOP_ANALYSIS = YES;
				CLANG_WARN_STRICT_PROTOTYPES = YES;
				CLANG_WARN_SUSPICIOUS_MOVE = YES;
				CLANG_WARN_UNGUARDED_AVAILABILITY = YES_AGGRESSIVE;
				CLANG_WARN_UNREACHABLE_CODE = YES;
				CLANG_WARN__DUPLICATE_METHOD_MATCH = YES;
				COPY_PHASE_STRIP = NO;
				DEBUG_INFORMATION_FORMAT = "dwarf-with-dsym";
				ENABLE_NS_ASSERTIONS = NO;
				ENABLE_STRICT_OBJC_MSGSEND = YES;
				GCC_C_LANGUAGE_STANDARD = gnu11;
				GCC_NO_COMMON_BLOCKS = YES;
				GCC_WARN_64_TO_32_BIT_CONVERSION = YES;
				GCC_WARN_ABOUT_RETURN_TYPE = YES_ERROR;
				GCC_WARN_UNDECLARED_SELECTOR = YES;
				GCC_WARN_UNINITIALIZED_AUTOS = YES_AGGRESSIVE;
				GCC_WARN_UNUSED_FUNCTION = YES;
				GCC_WARN_UNUSED_VARIABLE = YES;
				IPHONEOS_DEPLOYMENT_TARGET = 15.5;
				MTL_ENABLE_DEBUG_INFO = NO;
				MTL_FAST_MATH = YES;
				SDKROOT = iphoneos;
				SWIFT_COMPILATION_MODE = wholemodule;
				SWIFT_OPTIMIZATION_LEVEL = "-O";
				VALIDATE_PRODUCT = YES;
			};
			name = Release;
		};
		5EE9FA84286B902900E63DDA /* Debug */ = {
			isa = XCBuildConfiguration;
			baseConfigurationReference = 22834CA23446BCA75EBF18E9 /* Pods-FinalProjectG2.debug.xcconfig */;
			buildSettings = {
				ASSETCATALOG_COMPILER_APPICON_NAME = AppIcon;
				ASSETCATALOG_COMPILER_GLOBAL_ACCENT_COLOR_NAME = AccentColor;
				CODE_SIGN_STYLE = Automatic;
				CURRENT_PROJECT_VERSION = 1;
				GENERATE_INFOPLIST_FILE = YES;
				INFOPLIST_FILE = FinalProjectG2/Info.plist;
				INFOPLIST_KEY_UIApplicationSupportsIndirectInputEvents = YES;
				INFOPLIST_KEY_UILaunchStoryboardName = LaunchScreen;
				INFOPLIST_KEY_UIMainStoryboardFile = Main;
				INFOPLIST_KEY_UISupportedInterfaceOrientations_iPad = "UIInterfaceOrientationPortrait UIInterfaceOrientationPortraitUpsideDown UIInterfaceOrientationLandscapeLeft UIInterfaceOrientationLandscapeRight";
				INFOPLIST_KEY_UISupportedInterfaceOrientations_iPhone = "UIInterfaceOrientationPortrait UIInterfaceOrientationLandscapeLeft UIInterfaceOrientationLandscapeRight";
				LD_RUNPATH_SEARCH_PATHS = (
					"$(inherited)",
					"@executable_path/Frameworks",
				);
				MARKETING_VERSION = 1.0;
				PRODUCT_BUNDLE_IDENTIFIER = kwk.FinalProjectG2;
				PRODUCT_NAME = "$(TARGET_NAME)";
				SWIFT_EMIT_LOC_STRINGS = YES;
				SWIFT_VERSION = 5.0;
				TARGETED_DEVICE_FAMILY = "1,2";
			};
			name = Debug;
		};
		5EE9FA85286B902900E63DDA /* Release */ = {
			isa = XCBuildConfiguration;
			baseConfigurationReference = 2AFFB9407CA1989DCECA7279 /* Pods-FinalProjectG2.release.xcconfig */;
			buildSettings = {
				ASSETCATALOG_COMPILER_APPICON_NAME = AppIcon;
				ASSETCATALOG_COMPILER_GLOBAL_ACCENT_COLOR_NAME = AccentColor;
				CODE_SIGN_STYLE = Automatic;
				CURRENT_PROJECT_VERSION = 1;
				GENERATE_INFOPLIST_FILE = YES;
				INFOPLIST_FILE = FinalProjectG2/Info.plist;
				INFOPLIST_KEY_UIApplicationSupportsIndirectInputEvents = YES;
				INFOPLIST_KEY_UILaunchStoryboardName = LaunchScreen;
				INFOPLIST_KEY_UIMainStoryboardFile = Main;
				INFOPLIST_KEY_UISupportedInterfaceOrientations_iPad = "UIInterfaceOrientationPortrait UIInterfaceOrientationPortraitUpsideDown UIInterfaceOrientationLandscapeLeft UIInterfaceOrientationLandscapeRight";
				INFOPLIST_KEY_UISupportedInterfaceOrientations_iPhone = "UIInterfaceOrientationPortrait UIInterfaceOrientationLandscapeLeft UIInterfaceOrientationLandscapeRight";
				LD_RUNPATH_SEARCH_PATHS = (
					"$(inherited)",
					"@executable_path/Frameworks",
				);
				MARKETING_VERSION = 1.0;
				PRODUCT_BUNDLE_IDENTIFIER = kwk.FinalProjectG2;
				PRODUCT_NAME = "$(TARGET_NAME)";
				SWIFT_EMIT_LOC_STRINGS = YES;
				SWIFT_VERSION = 5.0;
				TARGETED_DEVICE_FAMILY = "1,2";
			};
			name = Release;
		};
		5EE9FA87286B902900E63DDA /* Debug */ = {
			isa = XCBuildConfiguration;
			baseConfigurationReference = D29786D00CD1FF6DE5E07C88 /* Pods-FinalProjectG2Tests.debug.xcconfig */;
			buildSettings = {
				ALWAYS_EMBED_SWIFT_STANDARD_LIBRARIES = YES;
				BUNDLE_LOADER = "$(TEST_HOST)";
				CODE_SIGN_STYLE = Automatic;
				CURRENT_PROJECT_VERSION = 1;
				GENERATE_INFOPLIST_FILE = YES;
				IPHONEOS_DEPLOYMENT_TARGET = 15.5;
				MARKETING_VERSION = 1.0;
				PRODUCT_BUNDLE_IDENTIFIER = kwk.FinalProjectG2Tests;
				PRODUCT_NAME = "$(TARGET_NAME)";
				SWIFT_EMIT_LOC_STRINGS = NO;
				SWIFT_VERSION = 5.0;
				TARGETED_DEVICE_FAMILY = "1,2";
				TEST_HOST = "$(BUILT_PRODUCTS_DIR)/FinalProjectG2.app/FinalProjectG2";
			};
			name = Debug;
		};
		5EE9FA88286B902900E63DDA /* Release */ = {
			isa = XCBuildConfiguration;
			baseConfigurationReference = CF0712E4913A68A11EA4F80A /* Pods-FinalProjectG2Tests.release.xcconfig */;
			buildSettings = {
				ALWAYS_EMBED_SWIFT_STANDARD_LIBRARIES = YES;
				BUNDLE_LOADER = "$(TEST_HOST)";
				CODE_SIGN_STYLE = Automatic;
				CURRENT_PROJECT_VERSION = 1;
				GENERATE_INFOPLIST_FILE = YES;
				IPHONEOS_DEPLOYMENT_TARGET = 15.5;
				MARKETING_VERSION = 1.0;
				PRODUCT_BUNDLE_IDENTIFIER = kwk.FinalProjectG2Tests;
				PRODUCT_NAME = "$(TARGET_NAME)";
				SWIFT_EMIT_LOC_STRINGS = NO;
				SWIFT_VERSION = 5.0;
				TARGETED_DEVICE_FAMILY = "1,2";
				TEST_HOST = "$(BUILT_PRODUCTS_DIR)/FinalProjectG2.app/FinalProjectG2";
			};
			name = Release;
		};
		5EE9FA8A286B902900E63DDA /* Debug */ = {
			isa = XCBuildConfiguration;
			baseConfigurationReference = CFBE17571604776809FDD86F /* Pods-FinalProjectG2-FinalProjectG2UITests.debug.xcconfig */;
			buildSettings = {
				ALWAYS_EMBED_SWIFT_STANDARD_LIBRARIES = YES;
				CODE_SIGN_STYLE = Automatic;
				CURRENT_PROJECT_VERSION = 1;
				GENERATE_INFOPLIST_FILE = YES;
				MARKETING_VERSION = 1.0;
				PRODUCT_BUNDLE_IDENTIFIER = kwk.FinalProjectG2UITests;
				PRODUCT_NAME = "$(TARGET_NAME)";
				SWIFT_EMIT_LOC_STRINGS = NO;
				SWIFT_VERSION = 5.0;
				TARGETED_DEVICE_FAMILY = "1,2";
				TEST_TARGET_NAME = FinalProjectG2;
			};
			name = Debug;
		};
		5EE9FA8B286B902900E63DDA /* Release */ = {
			isa = XCBuildConfiguration;
			baseConfigurationReference = 9E605A9D85A0EED56460CB6E /* Pods-FinalProjectG2-FinalProjectG2UITests.release.xcconfig */;
			buildSettings = {
				ALWAYS_EMBED_SWIFT_STANDARD_LIBRARIES = YES;
				CODE_SIGN_STYLE = Automatic;
				CURRENT_PROJECT_VERSION = 1;
				GENERATE_INFOPLIST_FILE = YES;
				MARKETING_VERSION = 1.0;
				PRODUCT_BUNDLE_IDENTIFIER = kwk.FinalProjectG2UITests;
				PRODUCT_NAME = "$(TARGET_NAME)";
				SWIFT_EMIT_LOC_STRINGS = NO;
				SWIFT_VERSION = 5.0;
				TARGETED_DEVICE_FAMILY = "1,2";
				TEST_TARGET_NAME = FinalProjectG2;
			};
			name = Release;
		};
/* End XCBuildConfiguration section */

/* Begin XCConfigurationList section */
		5EE9FA51286B902700E63DDA /* Build configuration list for PBXProject "FinalProjectG2" */ = {
			isa = XCConfigurationList;
			buildConfigurations = (
				5EE9FA81286B902900E63DDA /* Debug */,
				5EE9FA82286B902900E63DDA /* Release */,
			);
			defaultConfigurationIsVisible = 0;
			defaultConfigurationName = Release;
		};
		5EE9FA83286B902900E63DDA /* Build configuration list for PBXNativeTarget "FinalProjectG2" */ = {
			isa = XCConfigurationList;
			buildConfigurations = (
				5EE9FA84286B902900E63DDA /* Debug */,
				5EE9FA85286B902900E63DDA /* Release */,
			);
			defaultConfigurationIsVisible = 0;
			defaultConfigurationName = Release;
		};
		5EE9FA86286B902900E63DDA /* Build configuration list for PBXNativeTarget "FinalProjectG2Tests" */ = {
			isa = XCConfigurationList;
			buildConfigurations = (
				5EE9FA87286B902900E63DDA /* Debug */,
				5EE9FA88286B902900E63DDA /* Release */,
			);
			defaultConfigurationIsVisible = 0;
			defaultConfigurationName = Release;
		};
		5EE9FA89286B902900E63DDA /* Build configuration list for PBXNativeTarget "FinalProjectG2UITests" */ = {
			isa = XCConfigurationList;
			buildConfigurations = (
				5EE9FA8A286B902900E63DDA /* Debug */,
				5EE9FA8B286B902900E63DDA /* Release */,
			);
			defaultConfigurationIsVisible = 0;
			defaultConfigurationName = Release;
		};
/* End XCConfigurationList section */

/* Begin XCRemoteSwiftPackageReference section */
		A1096BC8286CD9D100FAC26B /* XCRemoteSwiftPackageReference "swift-algorithms" */ = {
			isa = XCRemoteSwiftPackageReference;
			repositoryURL = "https://github.com/apple/swift-algorithms.git";
			requirement = {
				kind = upToNextMajorVersion;
				minimumVersion = 1.0.0;
			};
		};
/* End XCRemoteSwiftPackageReference section */

/* Begin XCSwiftPackageProductDependency section */
		A1096BC9286CD9D100FAC26B /* Algorithms */ = {
			isa = XCSwiftPackageProductDependency;
			package = A1096BC8286CD9D100FAC26B /* XCRemoteSwiftPackageReference "swift-algorithms" */;
			productName = Algorithms;
		};
/* End XCSwiftPackageProductDependency section */

/* Begin XCVersionGroup section */
		5EE9FA62286B902700E63DDA /* FinalProjectG2.xcdatamodeld */ = {
			isa = XCVersionGroup;
			children = (
				5EE9FA63286B902700E63DDA /* FinalProjectG2.xcdatamodel */,
			);
			currentVersion = 5EE9FA63286B902700E63DDA /* FinalProjectG2.xcdatamodel */;
			path = FinalProjectG2.xcdatamodeld;
			sourceTree = "<group>";
			versionGroupType = wrapper.xcdatamodel;
		};
/* End XCVersionGroup section */
	};
	rootObject = 5EE9FA4E286B902700E63DDA /* Project object */;
}
